# THIS IS AN AUTOGENERATED FILE. DO NOT EDIT THIS FILE DIRECTLY.
# yarn lockfile v1


"@types/auth0-js@^9.12.4":
  version "9.12.4"
  resolved "https://registry.yarnpkg.com/@types/auth0-js/-/auth0-js-9.12.4.tgz#93a622e6382163c54387b5471e9fd89d77529a0e"
  integrity sha512-4r3OGEyRYb7r9lHd5TQ/9Mjszopv+JBC5c6Fb2lDfxc7PDFzIpSg9kD0l+4Kd6OmVwwWjqaBWCoqM8Clx/1Yig==
